
Microsoft Visual Studio Solution File, Format Version 12.00
# Visual Studio Version 17
VisualStudioVersion = 17.13.35919.96 d17.13
MinimumVisualStudioVersion = 10.0.40219.1
Project("{FAE04EC0-301F-11D3-BF4B-00C04F79EFBC}") = "ShiftSchedulerMVC", "ShiftSchedulerMVC\ShiftSchedulerMVC.csproj", "{92356065-B2AD-45AB-85C7-6A0CA2AA7B16}"
EndProject
Global
	GlobalSection(SolutionConfigurationPlatforms) = preSolution
		Debug|Any CPU = Debug|Any CPU
		Release|Any CPU = Release|Any CPU
	EndGlobalSection
	GlobalSection(ProjectConfigurationPlatforms) = postSolution
		{92356065-B2AD-45AB-85C7-6A0CA2AA7B16}.Debug|Any CPU.ActiveCfg = Debug|Any CPU
		{92356065-B2AD-45AB-85C7-6A0CA2AA7B16}.Debug|Any CPU.Build.0 = Debug|Any CPU
		{92356065-B2AD-45AB-85C7-6A0CA2AA7B16}.Release|Any CPU.ActiveCfg = Release|Any CPU
		{92356065-B2AD-45AB-85C7-6A0CA2AA7B16}.Release|Any CPU.Build.0 = Release|Any CPU
	EndGlobalSection
	GlobalSection(SolutionProperties) = preSolution
		HideSolutionNode = FALSE
	EndGlobalSection
	GlobalSection(ExtensibilityGlobals) = postSolution
		SolutionGuid = {B2A612DD-DB60-449E-8E25-191583C2633B}
	EndGlobalSection
EndGlobal
